
Microsoft Visual Studio Solution File, Format Version 12.00
# Visual Studio Version 17
VisualStudioVersion = 17.6.33829.357
MinimumVisualStudioVersion = 10.0.40219.1
Project("{FAE04EC0-301F-11D3-BF4B-00C04F79EFBC}") = "NeedForSpeed1", "NeedForSpeed1\NeedForSpeed1.csproj", "{2E9262EF-0AB0-42A5-B0C1-9659BAE551C3}"
EndProject
Global
	GlobalSection(SolutionConfigurationPlatforms) = preSolution
		Debug|Any CPU = Debug|Any CPU
		Release|Any CPU = Release|Any CPU
	EndGlobalSection
	GlobalSection(ProjectConfigurationPlatforms) = postSolution
		{2E9262EF-0AB0-42A5-B0C1-9659BAE551C3}.Debug|Any CPU.ActiveCfg = Debug|Any CPU
		{2E9262EF-0AB0-42A5-B0C1-9659BAE551C3}.Debug|Any CPU.Build.0 = Debug|Any CPU
		{2E9262EF-0AB0-42A5-B0C1-9659BAE551C3}.Release|Any CPU.ActiveCfg = Release|Any CPU
		{2E9262EF-0AB0-42A5-B0C1-9659BAE551C3}.Release|Any CPU.Build.0 = Release|Any CPU
	EndGlobalSection
	GlobalSection(SolutionProperties) = preSolution
		HideSolutionNode = FALSE
	EndGlobalSection
	GlobalSection(ExtensibilityGlobals) = postSolution
		SolutionGuid = {168E351F-18D1-4951-BDEA-F13D22A81CE5}
	EndGlobalSection
EndGlobal
